
Microsoft Visual Studio Solution File, Format Version 12.00
# Visual Studio Version 16
VisualStudioVersion = 16.0.32929.386
MinimumVisualStudioVersion = 10.0.40219.1
Project("{FAE04EC0-301F-11D3-BF4B-00C04F79EFBC}") = "Prolab3_0", "Prolab3_0.csproj", "{EAEA3000-09B0-45CE-936B-6972A00B5AF6}"
EndProject
Global
	GlobalSection(SolutionConfigurationPlatforms) = preSolution
		Debug|Any CPU = Debug|Any CPU
		Release|Any CPU = Release|Any CPU
	EndGlobalSection
	GlobalSection(ProjectConfigurationPlatforms) = postSolution
		{EAEA3000-09B0-45CE-936B-6972A00B5AF6}.Debug|Any CPU.ActiveCfg = Debug|Any CPU
		{EAEA3000-09B0-45CE-936B-6972A00B5AF6}.Debug|Any CPU.Build.0 = Debug|Any CPU
		{EAEA3000-09B0-45CE-936B-6972A00B5AF6}.Release|Any CPU.ActiveCfg = Release|Any CPU
		{EAEA3000-09B0-45CE-936B-6972A00B5AF6}.Release|Any CPU.Build.0 = Release|Any CPU
	EndGlobalSection
	GlobalSection(SolutionProperties) = preSolution
		HideSolutionNode = FALSE
	EndGlobalSection
	GlobalSection(ExtensibilityGlobals) = postSolution
		SolutionGuid = {80DBC0E9-CFA7-46E6-886C-C7D6A1FE83FA}
	EndGlobalSection
EndGlobal
